// !$*UTF8*$!
{
	archiveVersion = 1;
	classes = {
	};
	objectVersion = 50;
	objects = {

/* Begin PBXBuildFile section */
		3F5B46A42637D7FF00711C54 /* UIHelper.swift in Sources */ = {isa = PBXBuildFile; fileRef = 3F5B46A32637D7FE00711C54 /* UIHelper.swift */; };
		3F5B46B62639395B00711C54 /* GFEmptyStateView.swift in Sources */ = {isa = PBXBuildFile; fileRef = 3F5B46B52639395B00711C54 /* GFEmptyStateView.swift */; };
		3F5B46C2263A8DC800711C54 /* UserInfoVC.swift in Sources */ = {isa = PBXBuildFile; fileRef = 3F5B46C1263A8DC800711C54 /* UserInfoVC.swift */; };
		3F68E4AD263BC840000A9589 /* GFError.swift in Sources */ = {isa = PBXBuildFile; fileRef = 3F68E4AC263BC840000A9589 /* GFError.swift */; };
		3F68E4B0263BCB65000A9589 /* GFUserInfoHeaderVC.swift in Sources */ = {isa = PBXBuildFile; fileRef = 3F68E4AF263BCB65000A9589 /* GFUserInfoHeaderVC.swift */; };
		3F68E4B3263BCBEC000A9589 /* GFSecondaryTitleLabel.swift in Sources */ = {isa = PBXBuildFile; fileRef = 3F68E4B2263BCBEC000A9589 /* GFSecondaryTitleLabel.swift */; };
		3F68E4B6263BD38B000A9589 /* Constants.swift in Sources */ = {isa = PBXBuildFile; fileRef = 3F68E4B5263BD38B000A9589 /* Constants.swift */; };
		3FEB023426267EBB00F1905B /* AppDelegate.swift in Sources */ = {isa = PBXBuildFile; fileRef = 3FEB023326267EBB00F1905B /* AppDelegate.swift */; };
		3FEB023626267EBB00F1905B /* SceneDelegate.swift in Sources */ = {isa = PBXBuildFile; fileRef = 3FEB023526267EBB00F1905B /* SceneDelegate.swift */; };
		3FEB023D26267EBE00F1905B /* Assets.xcassets in Resources */ = {isa = PBXBuildFile; fileRef = 3FEB023C26267EBE00F1905B /* Assets.xcassets */; };
		3FEB024026267EBE00F1905B /* LaunchScreen.storyboard in Resources */ = {isa = PBXBuildFile; fileRef = 3FEB023E26267EBE00F1905B /* LaunchScreen.storyboard */; };
		3FEB024C2626844F00F1905B /* SearchVC.swift in Sources */ = {isa = PBXBuildFile; fileRef = 3FEB024B2626844F00F1905B /* SearchVC.swift */; };
		3FEB024F2626848800F1905B /* FavoritesListVC.swift in Sources */ = {isa = PBXBuildFile; fileRef = 3FEB024E2626848800F1905B /* FavoritesListVC.swift */; };
		3FEB02532626922900F1905B /* GFButton.swift in Sources */ = {isa = PBXBuildFile; fileRef = 3FEB02522626922900F1905B /* GFButton.swift */; };
		3FEB0256262694DC00F1905B /* GFTextField.swift in Sources */ = {isa = PBXBuildFile; fileRef = 3FEB0255262694DC00F1905B /* GFTextField.swift */; };
		3FEB02592626A2A200F1905B /* FollowerListVC.swift in Sources */ = {isa = PBXBuildFile; fileRef = 3FEB02582626A2A200F1905B /* FollowerListVC.swift */; };
		3FEB025C2626A6E200F1905B /* GFTitleLabel.swift in Sources */ = {isa = PBXBuildFile; fileRef = 3FEB025B2626A6E200F1905B /* GFTitleLabel.swift */; };
		3FEB025F2626A83800F1905B /* GFBodyLabel.swift in Sources */ = {isa = PBXBuildFile; fileRef = 3FEB025E2626A83800F1905B /* GFBodyLabel.swift */; };
		3FEB02622626A92300F1905B /* GFAlertVC.swift in Sources */ = {isa = PBXBuildFile; fileRef = 3FEB02612626A92300F1905B /* GFAlertVC.swift */; };
		3FEB02652626AE7B00F1905B /* UIViewController+Ext.swift in Sources */ = {isa = PBXBuildFile; fileRef = 3FEB02642626AE7B00F1905B /* UIViewController+Ext.swift */; };
		3FEB02A92627F3A700F1905B /* Follower.swift in Sources */ = {isa = PBXBuildFile; fileRef = 3FEB02A82627F3A700F1905B /* Follower.swift */; };
		3FEB02AC2627F4AA00F1905B /* User.swift in Sources */ = {isa = PBXBuildFile; fileRef = 3FEB02AB2627F4AA00F1905B /* User.swift */; };
		3FEB02B22627F99400F1905B /* NetworkManager.swift in Sources */ = {isa = PBXBuildFile; fileRef = 3FEB02B12627F99400F1905B /* NetworkManager.swift */; };
		3FEB02BC262809C600F1905B /* FollowerCell.swift in Sources */ = {isa = PBXBuildFile; fileRef = 3FEB02BB262809C600F1905B /* FollowerCell.swift */; };
		3FEB02C026280A5C00F1905B /* GFAvatarImageView.swift in Sources */ = {isa = PBXBuildFile; fileRef = 3FEB02BF26280A5C00F1905B /* GFAvatarImageView.swift */; };
/* End PBXBuildFile section */

/* Begin PBXFileReference section */
		3F5B46A32637D7FE00711C54 /* UIHelper.swift */ = {isa = PBXFileReference; lastKnownFileType = sourcecode.swift; path = UIHelper.swift; sourceTree = "<group>"; };
		3F5B46B52639395B00711C54 /* GFEmptyStateView.swift */ = {isa = PBXFileReference; lastKnownFileType = sourcecode.swift; path = GFEmptyStateView.swift; sourceTree = "<group>"; };
		3F5B46C1263A8DC800711C54 /* UserInfoVC.swift */ = {isa = PBXFileReference; lastKnownFileType = sourcecode.swift; path = UserInfoVC.swift; sourceTree = "<group>"; };
		3F68E4AC263BC840000A9589 /* GFError.swift */ = {isa = PBXFileReference; lastKnownFileType = sourcecode.swift; path = GFError.swift; sourceTree = "<group>"; };
		3F68E4AF263BCB65000A9589 /* GFUserInfoHeaderVC.swift */ = {isa = PBXFileReference; lastKnownFileType = sourcecode.swift; path = GFUserInfoHeaderVC.swift; sourceTree = "<group>"; };
		3F68E4B2263BCBEC000A9589 /* GFSecondaryTitleLabel.swift */ = {isa = PBXFileReference; lastKnownFileType = sourcecode.swift; path = GFSecondaryTitleLabel.swift; sourceTree = "<group>"; };
		3F68E4B5263BD38B000A9589 /* Constants.swift */ = {isa = PBXFileReference; lastKnownFileType = sourcecode.swift; path = Constants.swift; sourceTree = "<group>"; };
		3FEB023026267EBB00F1905B /* GithubFollowers.app */ = {isa = PBXFileReference; explicitFileType = wrapper.application; includeInIndex = 0; path = GithubFollowers.app; sourceTree = BUILT_PRODUCTS_DIR; };
		3FEB023326267EBB00F1905B /* AppDelegate.swift */ = {isa = PBXFileReference; lastKnownFileType = sourcecode.swift; path = AppDelegate.swift; sourceTree = "<group>"; };
		3FEB023526267EBB00F1905B /* SceneDelegate.swift */ = {isa = PBXFileReference; lastKnownFileType = sourcecode.swift; path = SceneDelegate.swift; sourceTree = "<group>"; };
		3FEB023C26267EBE00F1905B /* Assets.xcassets */ = {isa = PBXFileReference; lastKnownFileType = folder.assetcatalog; path = Assets.xcassets; sourceTree = "<group>"; };
		3FEB023F26267EBE00F1905B /* Base */ = {isa = PBXFileReference; lastKnownFileType = file.storyboard; name = Base; path = Base.lproj/LaunchScreen.storyboard; sourceTree = "<group>"; };
		3FEB024126267EBE00F1905B /* Info.plist */ = {isa = PBXFileReference; lastKnownFileType = text.plist.xml; path = Info.plist; sourceTree = "<group>"; };
		3FEB024B2626844F00F1905B /* SearchVC.swift */ = {isa = PBXFileReference; lastKnownFileType = sourcecode.swift; path = SearchVC.swift; sourceTree = "<group>"; };
		3FEB024E2626848800F1905B /* FavoritesListVC.swift */ = {isa = PBXFileReference; lastKnownFileType = sourcecode.swift; path = FavoritesListVC.swift; sourceTree = "<group>"; };
		3FEB02522626922900F1905B /* GFButton.swift */ = {isa = PBXFileReference; lastKnownFileType = sourcecode.swift; path = GFButton.swift; sourceTree = "<group>"; };
		3FEB0255262694DC00F1905B /* GFTextField.swift */ = {isa = PBXFileReference; lastKnownFileType = sourcecode.swift; path = GFTextField.swift; sourceTree = "<group>"; };
		3FEB02582626A2A200F1905B /* FollowerListVC.swift */ = {isa = PBXFileReference; lastKnownFileType = sourcecode.swift; path = FollowerListVC.swift; sourceTree = "<group>"; };
		3FEB025B2626A6E200F1905B /* GFTitleLabel.swift */ = {isa = PBXFileReference; lastKnownFileType = sourcecode.swift; path = GFTitleLabel.swift; sourceTree = "<group>"; };
		3FEB025E2626A83800F1905B /* GFBodyLabel.swift */ = {isa = PBXFileReference; lastKnownFileType = sourcecode.swift; path = GFBodyLabel.swift; sourceTree = "<group>"; };
		3FEB02612626A92300F1905B /* GFAlertVC.swift */ = {isa = PBXFileReference; lastKnownFileType = sourcecode.swift; path = GFAlertVC.swift; sourceTree = "<group>"; };
		3FEB02642626AE7B00F1905B /* UIViewController+Ext.swift */ = {isa = PBXFileReference; lastKnownFileType = sourcecode.swift; path = "UIViewController+Ext.swift"; sourceTree = "<group>"; };
		3FEB02A82627F3A700F1905B /* Follower.swift */ = {isa = PBXFileReference; lastKnownFileType = sourcecode.swift; path = Follower.swift; sourceTree = "<group>"; };
		3FEB02AB2627F4AA00F1905B /* User.swift */ = {isa = PBXFileReference; lastKnownFileType = sourcecode.swift; path = User.swift; sourceTree = "<group>"; };
		3FEB02B12627F99400F1905B /* NetworkManager.swift */ = {isa = PBXFileReference; lastKnownFileType = sourcecode.swift; path = NetworkManager.swift; sourceTree = "<group>"; };
		3FEB02BB262809C600F1905B /* FollowerCell.swift */ = {isa = PBXFileReference; lastKnownFileType = sourcecode.swift; path = FollowerCell.swift; sourceTree = "<group>"; };
		3FEB02BF26280A5C00F1905B /* GFAvatarImageView.swift */ = {isa = PBXFileReference; lastKnownFileType = sourcecode.swift; path = GFAvatarImageView.swift; sourceTree = "<group>"; };
/* End PBXFileReference section */

/* Begin PBXFrameworksBuildPhase section */
		3FEB022D26267EBB00F1905B /* Frameworks */ = {
			isa = PBXFrameworksBuildPhase;
			buildActionMask = 2147483647;
			files = (
			);
			runOnlyForDeploymentPostprocessing = 0;
		};
/* End PBXFrameworksBuildPhase section */

/* Begin PBXGroup section */
		3F5B46AF263938E000711C54 /* Views */ = {
			isa = PBXGroup;
			children = (
				3F5B46B52639395B00711C54 /* GFEmptyStateView.swift */,
			);
			path = Views;
			sourceTree = "<group>";
		};
		3F5B46B0263938E700711C54 /* Buttons */ = {
			isa = PBXGroup;
			children = (
				3FEB02522626922900F1905B /* GFButton.swift */,
			);
			path = Buttons;
			sourceTree = "<group>";
		};
		3F5B46B1263938ED00711C54 /* TextFields */ = {
			isa = PBXGroup;
			children = (
				3FEB0255262694DC00F1905B /* GFTextField.swift */,
			);
			path = TextFields;
			sourceTree = "<group>";
		};
		3F5B46B2263938F500711C54 /* ImageViews */ = {
			isa = PBXGroup;
			children = (
				3FEB02BF26280A5C00F1905B /* GFAvatarImageView.swift */,
			);
			path = ImageViews;
			sourceTree = "<group>";
		};
		3F5B46B3263938FE00711C54 /* ViewControllers */ = {
			isa = PBXGroup;
			children = (
				3FEB02612626A92300F1905B /* GFAlertVC.swift */,
				3F68E4AF263BCB65000A9589 /* GFUserInfoHeaderVC.swift */,
			);
			path = ViewControllers;
			sourceTree = "<group>";
		};
		3F5B46B42639391B00711C54 /* Labels */ = {
			isa = PBXGroup;
			children = (
				3FEB025B2626A6E200F1905B /* GFTitleLabel.swift */,
				3FEB025E2626A83800F1905B /* GFBodyLabel.swift */,
				3F68E4B2263BCBEC000A9589 /* GFSecondaryTitleLabel.swift */,
			);
			path = Labels;
			sourceTree = "<group>";
		};
		3FEB022726267EBB00F1905B = {
			isa = PBXGroup;
			children = (
				3FEB023226267EBB00F1905B /* GithubFollowers */,
				3FEB023126267EBB00F1905B /* Products */,
			);
			sourceTree = "<group>";
		};
		3FEB023126267EBB00F1905B /* Products */ = {
			isa = PBXGroup;
			children = (
				3FEB023026267EBB00F1905B /* GithubFollowers.app */,
			);
			name = Products;
			sourceTree = "<group>";
		};
		3FEB023226267EBB00F1905B /* GithubFollowers */ = {
			isa = PBXGroup;
			children = (
				3FEB02B62628035400F1905B /* Utilities */,
				3FEB024126267EBE00F1905B /* Info.plist */,
				3FEB02B02627F97300F1905B /* Managers */,
				3FEB02A72627F39700F1905B /* Model */,
				3FEB026A2626B2DA00F1905B /* Support */,
				3FEB02692626B28C00F1905B /* Extension */,
				3FEB02682626B25000F1905B /* Custom Views */,
				3FEB02672626B20500F1905B /* Screens */,
			);
			path = GithubFollowers;
			sourceTree = "<group>";
		};
		3FEB02672626B20500F1905B /* Screens */ = {
			isa = PBXGroup;
			children = (
				3FEB024B2626844F00F1905B /* SearchVC.swift */,
				3FEB024E2626848800F1905B /* FavoritesListVC.swift */,
				3FEB02582626A2A200F1905B /* FollowerListVC.swift */,
				3F5B46C1263A8DC800711C54 /* UserInfoVC.swift */,
			);
			path = Screens;
			sourceTree = "<group>";
		};
		3FEB02682626B25000F1905B /* Custom Views */ = {
			isa = PBXGroup;
			children = (
				3F5B46B42639391B00711C54 /* Labels */,
				3F5B46B3263938FE00711C54 /* ViewControllers */,
				3F5B46B2263938F500711C54 /* ImageViews */,
				3F5B46B1263938ED00711C54 /* TextFields */,
				3F5B46B0263938E700711C54 /* Buttons */,
				3F5B46AF263938E000711C54 /* Views */,
				3FEB02BA2628099D00F1905B /* Cells */,
			);
			path = "Custom Views";
			sourceTree = "<group>";
		};
		3FEB02692626B28C00F1905B /* Extension */ = {
			isa = PBXGroup;
			children = (
				3FEB02642626AE7B00F1905B /* UIViewController+Ext.swift */,
			);
			path = Extension;
			sourceTree = "<group>";
		};
		3FEB026A2626B2DA00F1905B /* Support */ = {
			isa = PBXGroup;
			children = (
				3FEB023326267EBB00F1905B /* AppDelegate.swift */,
				3FEB023526267EBB00F1905B /* SceneDelegate.swift */,
				3FEB023C26267EBE00F1905B /* Assets.xcassets */,
				3FEB023E26267EBE00F1905B /* LaunchScreen.storyboard */,
			);
			path = Support;
			sourceTree = "<group>";
		};
		3FEB02A72627F39700F1905B /* Model */ = {
			isa = PBXGroup;
			children = (
				3FEB02A82627F3A700F1905B /* Follower.swift */,
				3FEB02AB2627F4AA00F1905B /* User.swift */,
			);
			path = Model;
			sourceTree = "<group>";
		};
		3FEB02B02627F97300F1905B /* Managers */ = {
			isa = PBXGroup;
			children = (
				3FEB02B12627F99400F1905B /* NetworkManager.swift */,
			);
			path = Managers;
			sourceTree = "<group>";
		};
		3FEB02B62628035400F1905B /* Utilities */ = {
			isa = PBXGroup;
			children = (
				3F5B46A32637D7FE00711C54 /* UIHelper.swift */,
				3F68E4AC263BC840000A9589 /* GFError.swift */,
				3F68E4B5263BD38B000A9589 /* Constants.swift */,
			);
			path = Utilities;
			sourceTree = "<group>";
		};
		3FEB02BA2628099D00F1905B /* Cells */ = {
			isa = PBXGroup;
			children = (
				3FEB02BB262809C600F1905B /* FollowerCell.swift */,
			);
			path = Cells;
			sourceTree = "<group>";
		};
/* End PBXGroup section */

/* Begin PBXNativeTarget section */
		3FEB022F26267EBB00F1905B /* GithubFollowers */ = {
			isa = PBXNativeTarget;
			buildConfigurationList = 3FEB024426267EBE00F1905B /* Build configuration list for PBXNativeTarget "GithubFollowers" */;
			buildPhases = (
				3FEB022C26267EBB00F1905B /* Sources */,
				3FEB022D26267EBB00F1905B /* Frameworks */,
				3FEB022E26267EBB00F1905B /* Resources */,
			);
			buildRules = (
			);
			dependencies = (
			);
			name = GithubFollowers;
			productName = GithubFollowers;
			productReference = 3FEB023026267EBB00F1905B /* GithubFollowers.app */;
			productType = "com.apple.product-type.application";
		};
/* End PBXNativeTarget section */

/* Begin PBXProject section */
		3FEB022826267EBB00F1905B /* Project object */ = {
			isa = PBXProject;
			attributes = {
				LastSwiftUpdateCheck = 1240;
				LastUpgradeCheck = 1240;
				TargetAttributes = {
					3FEB022F26267EBB00F1905B = {
						CreatedOnToolsVersion = 12.4;
					};
				};
			};
			buildConfigurationList = 3FEB022B26267EBB00F1905B /* Build configuration list for PBXProject "GithubFollowers" */;
			compatibilityVersion = "Xcode 9.3";
			developmentRegion = en;
			hasScannedForEncodings = 0;
			knownRegions = (
				en,
				Base,
			);
			mainGroup = 3FEB022726267EBB00F1905B;
			productRefGroup = 3FEB023126267EBB00F1905B /* Products */;
			projectDirPath = "";
			projectRoot = "";
			targets = (
				3FEB022F26267EBB00F1905B /* GithubFollowers */,
			);
		};
/* End PBXProject section */

/* Begin PBXResourcesBuildPhase section */
		3FEB022E26267EBB00F1905B /* Resources */ = {
			isa = PBXResourcesBuildPhase;
			buildActionMask = 2147483647;
			files = (
				3FEB024026267EBE00F1905B /* LaunchScreen.storyboard in Resources */,
				3FEB023D26267EBE00F1905B /* Assets.xcassets in Resources */,
			);
			runOnlyForDeploymentPostprocessing = 0;
		};
/* End PBXResourcesBuildPhase section */

/* Begin PBXSourcesBuildPhase section */
		3FEB022C26267EBB00F1905B /* Sources */ = {
			isa = PBXSourcesBuildPhase;
			buildActionMask = 2147483647;
			files = (
				3FEB02AC2627F4AA00F1905B /* User.swift in Sources */,
				3FEB0256262694DC00F1905B /* GFTextField.swift in Sources */,
				3FEB024F2626848800F1905B /* FavoritesListVC.swift in Sources */,
				3FEB02532626922900F1905B /* GFButton.swift in Sources */,
				3FEB02652626AE7B00F1905B /* UIViewController+Ext.swift in Sources */,
				3F5B46A42637D7FF00711C54 /* UIHelper.swift in Sources */,
				3F68E4B6263BD38B000A9589 /* Constants.swift in Sources */,
				3FEB02C026280A5C00F1905B /* GFAvatarImageView.swift in Sources */,
				3FEB024C2626844F00F1905B /* SearchVC.swift in Sources */,
				3FEB02622626A92300F1905B /* GFAlertVC.swift in Sources */,
				3FEB02BC262809C600F1905B /* FollowerCell.swift in Sources */,
				3FEB025F2626A83800F1905B /* GFBodyLabel.swift in Sources */,
				3F68E4B0263BCB65000A9589 /* GFUserInfoHeaderVC.swift in Sources */,
				3F68E4AD263BC840000A9589 /* GFError.swift in Sources */,
				3FEB02A92627F3A700F1905B /* Follower.swift in Sources */,
				3FEB025C2626A6E200F1905B /* GFTitleLabel.swift in Sources */,
				3F68E4B3263BCBEC000A9589 /* GFSecondaryTitleLabel.swift in Sources */,
				3F5B46B62639395B00711C54 /* GFEmptyStateView.swift in Sources */,
				3FEB02B22627F99400F1905B /* NetworkManager.swift in Sources */,
				3FEB02592626A2A200F1905B /* FollowerListVC.swift in Sources */,
				3FEB023426267EBB00F1905B /* AppDelegate.swift in Sources */,
				3FEB023626267EBB00F1905B /* SceneDelegate.swift in Sources */,
				3F5B46C2263A8DC800711C54 /* UserInfoVC.swift in Sources */,
			);
			runOnlyForDeploymentPostprocessing = 0;
		};
/* End PBXSourcesBuildPhase section */

/* Begin PBXVariantGroup section */
		3FEB023E26267EBE00F1905B /* LaunchScreen.storyboard */ = {
			isa = PBXVariantGroup;
			children = (
				3FEB023F26267EBE00F1905B /* Base */,
			);
			name = LaunchScreen.storyboard;
			sourceTree = "<group>";
		};
/* End PBXVariantGroup section */

/* Begin XCBuildConfiguration section */
		3FEB024226267EBE00F1905B /* Debug */ = {
			isa = XCBuildConfiguration;
			buildSettings = {
				ALWAYS_SEARCH_USER_PATHS = NO;
				CLANG_ANALYZER_NONNULL = YES;
				CLANG_ANALYZER_NUMBER_OBJECT_CONVERSION = YES_AGGRESSIVE;
				CLANG_CXX_LANGUAGE_STANDARD = "gnu++14";
				CLANG_CXX_LIBRARY = "libc++";
				CLANG_ENABLE_MODULES = YES;
				CLANG_ENABLE_OBJC_ARC = YES;
				CLANG_ENABLE_OBJC_WEAK = YES;
				CLANG_WARN_BLOCK_CAPTURE_AUTORELEASING = YES;
				CLANG_WARN_BOOL_CONVERSION = YES;
				CLANG_WARN_COMMA = YES;
				CLANG_WARN_CONSTANT_CONVERSION = YES;
				CLANG_WARN_DEPRECATED_OBJC_IMPLEMENTATIONS = YES;
				CLANG_WARN_DIRECT_OBJC_ISA_USAGE = YES_ERROR;
				CLANG_WARN_DOCUMENTATION_COMMENTS = YES;
				CLANG_WARN_EMPTY_BODY = YES;
				CLANG_WARN_ENUM_CONVERSION = YES;
				CLANG_WARN_INFINITE_RECURSION = YES;
				CLANG_WARN_INT_CONVERSION = YES;
				CLANG_WARN_NON_LITERAL_NULL_CONVERSION = YES;
				CLANG_WARN_OBJC_IMPLICIT_RETAIN_SELF = YES;
				CLANG_WARN_OBJC_LITERAL_CONVERSION = YES;
				CLANG_WARN_OBJC_ROOT_CLASS = YES_ERROR;
				CLANG_WARN_QUOTED_INCLUDE_IN_FRAMEWORK_HEADER = YES;
				CLANG_WARN_RANGE_LOOP_ANALYSIS = YES;
				CLANG_WARN_STRICT_PROTOTYPES = YES;
				CLANG_WARN_SUSPICIOUS_MOVE = YES;
				CLANG_WARN_UNGUARDED_AVAILABILITY = YES_AGGRESSIVE;
				CLANG_WARN_UNREACHABLE_CODE = YES;
				CLANG_WARN__DUPLICATE_METHOD_MATCH = YES;
				COPY_PHASE_STRIP = NO;
				DEBUG_INFORMATION_FORMAT = dwarf;
				ENABLE_STRICT_OBJC_MSGSEND = YES;
				ENABLE_TESTABILITY = YES;
				GCC_C_LANGUAGE_STANDARD = gnu11;
				GCC_DYNAMIC_NO_PIC = NO;
				GCC_NO_COMMON_BLOCKS = YES;
				GCC_OPTIMIZATION_LEVEL = 0;
				GCC_PREPROCESSOR_DEFINITIONS = (
					"DEBUG=1",
					"$(inherited)",
				);
				GCC_WARN_64_TO_32_BIT_CONVERSION = YES;
				GCC_WARN_ABOUT_RETURN_TYPE = YES_ERROR;
				GCC_WARN_UNDECLARED_SELECTOR = YES;
				GCC_WARN_UNINITIALIZED_AUTOS = YES_AGGRESSIVE;
				GCC_WARN_UNUSED_FUNCTION = YES;
				GCC_WARN_UNUSED_VARIABLE = YES;
				IPHONEOS_DEPLOYMENT_TARGET = 14.4;
				MTL_ENABLE_DEBUG_INFO = INCLUDE_SOURCE;
				MTL_FAST_MATH = YES;
				ONLY_ACTIVE_ARCH = YES;
				SDKROOT = iphoneos;
				SWIFT_ACTIVE_COMPILATION_CONDITIONS = DEBUG;
				SWIFT_OPTIMIZATION_LEVEL = "-Onone";
			};
			name = Debug;
		};
		3FEB024326267EBE00F1905B /* Release */ = {
			isa = XCBuildConfiguration;
			buildSettings = {
				ALWAYS_SEARCH_USER_PATHS = NO;
				CLANG_ANALYZER_NONNULL = YES;
				CLANG_ANALYZER_NUMBER_OBJECT_CONVERSION = YES_AGGRESSIVE;
				CLANG_CXX_LANGUAGE_STANDARD = "gnu++14";
				CLANG_CXX_LIBRARY = "libc++";
				CLANG_ENABLE_MODULES = YES;
				CLANG_ENABLE_OBJC_ARC = YES;
				CLANG_ENABLE_OBJC_WEAK = YES;
				CLANG_WARN_BLOCK_CAPTURE_AUTORELEASING = YES;
				CLANG_WARN_BOOL_CONVERSION = YES;
				CLANG_WARN_COMMA = YES;
				CLANG_WARN_CONSTANT_CONVERSION = YES;
				CLANG_WARN_DEPRECATED_OBJC_IMPLEMENTATIONS = YES;
				CLANG_WARN_DIRECT_OBJC_ISA_USAGE = YES_ERROR;
				CLANG_WARN_DOCUMENTATION_COMMENTS = YES;
				CLANG_WARN_EMPTY_BODY = YES;
				CLANG_WARN_ENUM_CONVERSION = YES;
				CLANG_WARN_INFINITE_RECURSION = YES;
				CLANG_WARN_INT_CONVERSION = YES;
				CLANG_WARN_NON_LITERAL_NULL_CONVERSION = YES;
				CLANG_WARN_OBJC_IMPLICIT_RETAIN_SELF = YES;
				CLANG_WARN_OBJC_LITERAL_CONVERSION = YES;
				CLANG_WARN_OBJC_ROOT_CLASS = YES_ERROR;
				CLANG_WARN_QUOTED_INCLUDE_IN_FRAMEWORK_HEADER = YES;
				CLANG_WARN_RANGE_LOOP_ANALYSIS = YES;
				CLANG_WARN_STRICT_PROTOTYPES = YES;
				CLANG_WARN_SUSPICIOUS_MOVE = YES;
				CLANG_WARN_UNGUARDED_AVAILABILITY = YES_AGGRESSIVE;
				CLANG_WARN_UNREACHABLE_CODE = YES;
				CLANG_WARN__DUPLICATE_METHOD_MATCH = YES;
				COPY_PHASE_STRIP = NO;
				DEBUG_INFORMATION_FORMAT = "dwarf-with-dsym";
				ENABLE_NS_ASSERTIONS = NO;
				ENABLE_STRICT_OBJC_MSGSEND = YES;
				GCC_C_LANGUAGE_STANDARD = gnu11;
				GCC_NO_COMMON_BLOCKS = YES;
				GCC_WARN_64_TO_32_BIT_CONVERSION = YES;
				GCC_WARN_ABOUT_RETURN_TYPE = YES_ERROR;
				GCC_WARN_UNDECLARED_SELECTOR = YES;
				GCC_WARN_UNINITIALIZED_AUTOS = YES_AGGRESSIVE;
				GCC_WARN_UNUSED_FUNCTION = YES;
				GCC_WARN_UNUSED_VARIABLE = YES;
				IPHONEOS_DEPLOYMENT_TARGET = 14.4;
				MTL_ENABLE_DEBUG_INFO = NO;
				MTL_FAST_MATH = YES;
				SDKROOT = iphoneos;
				SWIFT_COMPILATION_MODE = wholemodule;
				SWIFT_OPTIMIZATION_LEVEL = "-O";
				VALIDATE_PRODUCT = YES;
			};
			name = Release;
		};
		3FEB024526267EBE00F1905B /* Debug */ = {
			isa = XCBuildConfiguration;
			buildSettings = {
				ASSETCATALOG_COMPILER_APPICON_NAME = AppIcon;
				ASSETCATALOG_COMPILER_GLOBAL_ACCENT_COLOR_NAME = AccentColor;
				CODE_SIGN_STYLE = Automatic;
				DEVELOPMENT_TEAM = M6YX8CTCDN;
				INFOPLIST_FILE = GithubFollowers/Info.plist;
				LD_RUNPATH_SEARCH_PATHS = (
					"$(inherited)",
					"@executable_path/Frameworks",
				);
				PRODUCT_BUNDLE_IDENTIFIER = com.Kuday.GithubFollowers;
				PRODUCT_NAME = "$(TARGET_NAME)";
				SWIFT_VERSION = 5.0;
				TARGETED_DEVICE_FAMILY = 1;
			};
			name = Debug;
		};
		3FEB024626267EBE00F1905B /* Release */ = {
			isa = XCBuildConfiguration;
			buildSettings = {
				ASSETCATALOG_COMPILER_APPICON_NAME = AppIcon;
				ASSETCATALOG_COMPILER_GLOBAL_ACCENT_COLOR_NAME = AccentColor;
				CODE_SIGN_STYLE = Automatic;
				DEVELOPMENT_TEAM = M6YX8CTCDN;
				INFOPLIST_FILE = GithubFollowers/Info.plist;
				LD_RUNPATH_SEARCH_PATHS = (
					"$(inherited)",
					"@executable_path/Frameworks",
				);
				PRODUCT_BUNDLE_IDENTIFIER = com.Kuday.GithubFollowers;
				PRODUCT_NAME = "$(TARGET_NAME)";
				SWIFT_VERSION = 5.0;
				TARGETED_DEVICE_FAMILY = 1;
			};
			name = Release;
		};
/* End XCBuildConfiguration section */

/* Begin XCConfigurationList section */
		3FEB022B26267EBB00F1905B /* Build configuration list for PBXProject "GithubFollowers" */ = {
			isa = XCConfigurationList;
			buildConfigurations = (
				3FEB024226267EBE00F1905B /* Debug */,
				3FEB024326267EBE00F1905B /* Release */,
			);
			defaultConfigurationIsVisible = 0;
			defaultConfigurationName = Release;
		};
		3FEB024426267EBE00F1905B /* Build configuration list for PBXNativeTarget "GithubFollowers" */ = {
			isa = XCConfigurationList;
			buildConfigurations = (
				3FEB024526267EBE00F1905B /* Debug */,
				3FEB024626267EBE00F1905B /* Release */,
			);
			defaultConfigurationIsVisible = 0;
			defaultConfigurationName = Release;
		};
/* End XCConfigurationList section */
	};
	rootObject = 3FEB022826267EBB00F1905B /* Project object */;
}
